
Microsoft Visual Studio Solution File, Format Version 12.00
# Visual Studio Version 17
VisualStudioVersion = 17.13.35825.156 d17.13
MinimumVisualStudioVersion = 10.0.40219.1
Project("{8BC9CEB8-8B4A-11D0-8D11-00A0C91BC942}") = "Operation_Starfall_2DGame", "Operation_Starfall_2DGame.vcxproj", "{9172507B-171E-49E9-8C39-FAC205FD6253}"
EndProject
Global
	GlobalSection(SolutionConfigurationPlatforms) = preSolution
		Debug|x64 = Debug|x64
		Debug|x86 = Debug|x86
		Release|x64 = Release|x64
		Release|x86 = Release|x86
	EndGlobalSection
	GlobalSection(ProjectConfigurationPlatforms) = postSolution
		{9172507B-171E-49E9-8C39-FAC205FD6253}.Debug|x64.ActiveCfg = Debug|x64
		{9172507B-171E-49E9-8C39-FAC205FD6253}.Debug|x64.Build.0 = Debug|x64
		{9172507B-171E-49E9-8C39-FAC205FD6253}.Debug|x86.ActiveCfg = Debug|Win32
		{9172507B-171E-49E9-8C39-FAC205FD6253}.Debug|x86.Build.0 = Debug|Win32
		{9172507B-171E-49E9-8C39-FAC205FD6253}.Release|x64.ActiveCfg = Release|x64
		{9172507B-171E-49E9-8C39-FAC205FD6253}.Release|x64.Build.0 = Release|x64
		{9172507B-171E-49E9-8C39-FAC205FD6253}.Release|x86.ActiveCfg = Release|Win32
		{9172507B-171E-49E9-8C39-FAC205FD6253}.Release|x86.Build.0 = Release|Win32
	EndGlobalSection
	GlobalSection(SolutionProperties) = preSolution
		HideSolutionNode = FALSE
	EndGlobalSection
	GlobalSection(ExtensibilityGlobals) = postSolution
		SolutionGuid = {964BC5B3-2114-4B04-986C-AB39EC681275}
	EndGlobalSection
EndGlobal
